
Microsoft Visual Studio Solution File, Format Version 12.00
# Visual Studio 15
VisualStudioVersion = 15.0.28010.2016
MinimumVisualStudioVersion = 10.0.40219.1
Project("{FAE04EC0-301F-11D3-BF4B-00C04F79EFBC}") = "Ass22sep2018.Authentication", "Ass22sep2018.Authentication\Ass22sep2018.Authentication.csproj", "{4D444A42-990C-4643-8C23-998F345C01B3}"
EndProject
Global
	GlobalSection(SolutionConfigurationPlatforms) = preSolution
		Debug|Any CPU = Debug|Any CPU
		Release|Any CPU = Release|Any CPU
	EndGlobalSection
	GlobalSection(ProjectConfigurationPlatforms) = postSolution
		{4D444A42-990C-4643-8C23-998F345C01B3}.Debug|Any CPU.ActiveCfg = Debug|Any CPU
		{4D444A42-990C-4643-8C23-998F345C01B3}.Debug|Any CPU.Build.0 = Debug|Any CPU
		{4D444A42-990C-4643-8C23-998F345C01B3}.Release|Any CPU.ActiveCfg = Release|Any CPU
		{4D444A42-990C-4643-8C23-998F345C01B3}.Release|Any CPU.Build.0 = Release|Any CPU
	EndGlobalSection
	GlobalSection(SolutionProperties) = preSolution
		HideSolutionNode = FALSE
	EndGlobalSection
	GlobalSection(ExtensibilityGlobals) = postSolution
		SolutionGuid = {A79A5931-7057-442A-90D1-62A4D9BD0DB5}
	EndGlobalSection
EndGlobal
